{
  "sources": {
    "openstack-database": {
      "path": "."
    },
    "openstack-common": {
      "locked_version": "9.6.0",
      "git": "git://github.com/stackforge/cookbook-openstack-common.git",
      "ref": "dbe0bd6818002f13a5af947b76ff90324f2ecc08"
    },
    "openstack-identity": {
      "locked_version": "9.3.0",
      "git": "git://github.com/stackforge/cookbook-openstack-identity.git",
      "ref": "8c37d9e13ea87574c0fa6ac4d47fcb3db1679c69"
    },
    "apt": {
      "locked_version": "2.3.8"
    },
    "database": {
      "locked_version": "2.2.0"
    },
    "mysql": {
      "locked_version": "5.3.0"
    },
    "yum-mysql-community": {
      "locked_version": "0.1.0"
    },
    "yum": {
      "locked_version": "3.0.6"
    },
    "postgresql": {
      "locked_version": "3.0.2"
    },
    "build-essential": {
      "locked_version": "1.4.0"
    },
    "openssl": {
      "locked_version": "1.0.2"
    },
    "aws": {
      "locked_version": "0.101.2"
    },
    "xfs": {
      "locked_version": "1.1.0"
    },
    "mysql-chef_gem": {
      "locked_version": "0.0.2"
    },
    "yum-epel": {
      "locked_version": "0.3.6"
    }
  }
}
